
Microsoft Visual Studio Solution File, Format Version 11.00
# Visual Studio 2010
Project("{FAE04EC0-301F-11D3-BF4B-00C04F79EFBC}") = "Cikur AR", "Assembly-CSharp.csproj", "{ED45E656-0F73-4F0A-37FA-4959B94596CE}"
EndProject
Project("{FAE04EC0-301F-11D3-BF4B-00C04F79EFBC}") = "Cikur AR", "Assembly-CSharp-Editor.csproj", "{0560547A-D915-9C90-52E3-23C4E076D340}"
EndProject
Global
	GlobalSection(SolutionConfigurationPlatforms) = preSolution
		Debug|Any CPU = Debug|Any CPU
		Release|Any CPU = Release|Any CPU
	EndGlobalSection
	GlobalSection(ProjectConfigurationPlatforms) = postSolution
		{ED45E656-0F73-4F0A-37FA-4959B94596CE}.Debug|Any CPU.ActiveCfg = Debug|Any CPU
		{ED45E656-0F73-4F0A-37FA-4959B94596CE}.Debug|Any CPU.Build.0 = Debug|Any CPU
		{ED45E656-0F73-4F0A-37FA-4959B94596CE}.Release|Any CPU.ActiveCfg = Release|Any CPU
		{ED45E656-0F73-4F0A-37FA-4959B94596CE}.Release|Any CPU.Build.0 = Release|Any CPU
		{0560547A-D915-9C90-52E3-23C4E076D340}.Debug|Any CPU.ActiveCfg = Debug|Any CPU
		{0560547A-D915-9C90-52E3-23C4E076D340}.Debug|Any CPU.Build.0 = Debug|Any CPU
		{0560547A-D915-9C90-52E3-23C4E076D340}.Release|Any CPU.ActiveCfg = Release|Any CPU
		{0560547A-D915-9C90-52E3-23C4E076D340}.Release|Any CPU.Build.0 = Release|Any CPU
	EndGlobalSection
	GlobalSection(SolutionProperties) = preSolution
		HideSolutionNode = FALSE
	EndGlobalSection
	GlobalSection(MonoDevelopProperties) = preSolution
		StartupItem = Assembly-CSharp.csproj
	EndGlobalSection
EndGlobal
