
Microsoft Visual Studio Solution File, Format Version 12.00
# Visual Studio 2017
Project("{FAE04EC0-301F-11D3-BF4B-00C04F79EFBC}") = "Cikur-AR", "Cikur-AR.csproj", "{694EF99D-0923-089F-0654-9E2F63AC4195}"
EndProject
Project("{FAE04EC0-301F-11D3-BF4B-00C04F79EFBC}") = "Cikur-AR.Editor", "Cikur-AR.Editor.csproj", "{B6901F2B-1C4F-86A4-7DDF-C7684E358EF4}"
EndProject
Global
	GlobalSection(SolutionConfigurationPlatforms) = preSolution
		Debug|Any CPU = Debug|Any CPU
		Release|Any CPU = Release|Any CPU
	EndGlobalSection
	GlobalSection(ProjectConfigurationPlatforms) = postSolution
		{694EF99D-0923-089F-0654-9E2F63AC4195}.Debug|Any CPU.ActiveCfg = Debug|Any CPU
		{694EF99D-0923-089F-0654-9E2F63AC4195}.Debug|Any CPU.Build.0 = Debug|Any CPU
		{694EF99D-0923-089F-0654-9E2F63AC4195}.Release|Any CPU.ActiveCfg = Release|Any CPU
		{694EF99D-0923-089F-0654-9E2F63AC4195}.Release|Any CPU.Build.0 = Release|Any CPU
		{B6901F2B-1C4F-86A4-7DDF-C7684E358EF4}.Debug|Any CPU.ActiveCfg = Debug|Any CPU
		{B6901F2B-1C4F-86A4-7DDF-C7684E358EF4}.Debug|Any CPU.Build.0 = Debug|Any CPU
		{B6901F2B-1C4F-86A4-7DDF-C7684E358EF4}.Release|Any CPU.ActiveCfg = Release|Any CPU
		{B6901F2B-1C4F-86A4-7DDF-C7684E358EF4}.Release|Any CPU.Build.0 = Release|Any CPU
	EndGlobalSection
	GlobalSection(SolutionProperties) = preSolution
		HideSolutionNode = FALSE
	EndGlobalSection
EndGlobal
